
Microsoft Visual Studio Solution File, Format Version 12.00
# Visual Studio Version 16
VisualStudioVersion = 16.0.29123.88
MinimumVisualStudioVersion = 10.0.40219.1
Project("{FAE04EC0-301F-11D3-BF4B-00C04F79EFBC}") = "cw1", "cw1.csproj", "{C8CEA533-F117-4A30-A99E-5B0677A7BAF3}"
EndProject
Global
	GlobalSection(SolutionConfigurationPlatforms) = preSolution
		Debug|Any CPU = Debug|Any CPU
		Release|Any CPU = Release|Any CPU
	EndGlobalSection
	GlobalSection(ProjectConfigurationPlatforms) = postSolution
		{C8CEA533-F117-4A30-A99E-5B0677A7BAF3}.Debug|Any CPU.ActiveCfg = Debug|Any CPU
		{C8CEA533-F117-4A30-A99E-5B0677A7BAF3}.Debug|Any CPU.Build.0 = Debug|Any CPU
		{C8CEA533-F117-4A30-A99E-5B0677A7BAF3}.Release|Any CPU.ActiveCfg = Release|Any CPU
		{C8CEA533-F117-4A30-A99E-5B0677A7BAF3}.Release|Any CPU.Build.0 = Release|Any CPU
	EndGlobalSection
	GlobalSection(SolutionProperties) = preSolution
		HideSolutionNode = FALSE
	EndGlobalSection
	GlobalSection(ExtensibilityGlobals) = postSolution
		SolutionGuid = {53F828EB-E367-4992-9D6B-4464C17CCFB0}
	EndGlobalSection
EndGlobal
